lockfileVersion: 5.4

importers:

  .:
    specifiers: {}

  apps/backend:
    specifiers:
      bun-types: ^1.0.3
      hono: ^3.7.5
    dependencies:
      hono: 3.7.5
    devDependencies:
      bun-types: 1.0.3

packages:

  /bun-types/1.0.3:
    resolution: {integrity: sha512-XlyKVdYCHa7K5PHYGcwOVOrGE/bMnLS51y7zFA3ZAAXyiQ6dTaNXNCWTTufgII/6ruN770uhAXphQmzvU/r2fQ==}
    dev: true

  /hono/3.7.5:
    resolution: {integrity: sha512-ZaaqAul84HHLXZKwwfH+eMInidwvRj9IdyOoI5Ze0v+WUOAAtQruml3QaUUWkOuI2Myt6IZAiUqkYklLK77k4g==}
    engines: {node: '>=16.0.0'}
    dev: false
