lockfileVersion: 5.4

importers:

  .:
    specifiers: {}

  apps/backend:
    specifiers:
      bun-types: ^1.0.3
    devDependencies:
      bun-types: 1.0.3

packages:

  /bun-types/1.0.3:
    resolution: {integrity: sha512-XlyKVdYCHa7K5PHYGcwOVOrGE/bMnLS51y7zFA3ZAAXyiQ6dTaNXNCWTTufgII/6ruN770uhAXphQmzvU/r2fQ==}
    dev: true
